
Microsoft Visual Studio Solution File, Format Version 12.00
# Visual Studio Version 17
VisualStudioVersion = 17.8.34330.188
MinimumVisualStudioVersion = 10.0.40219.1
Project("{FAE04EC0-301F-11D3-BF4B-00C04F79EFBC}") = "OceanStory", "OceanStory.csproj", "{06E45FAB-EE59-4C96-A21A-1F2AD79CC955}"
EndProject
Global
	GlobalSection(SolutionConfigurationPlatforms) = preSolution
		Debug|Any CPU = Debug|Any CPU
		Release|Any CPU = Release|Any CPU
	EndGlobalSection
	GlobalSection(ProjectConfigurationPlatforms) = postSolution
		{06E45FAB-EE59-4C96-A21A-1F2AD79CC955}.Debug|Any CPU.ActiveCfg = Debug|Any CPU
		{06E45FAB-EE59-4C96-A21A-1F2AD79CC955}.Debug|Any CPU.Build.0 = Debug|Any CPU
		{06E45FAB-EE59-4C96-A21A-1F2AD79CC955}.Release|Any CPU.ActiveCfg = Release|Any CPU
		{06E45FAB-EE59-4C96-A21A-1F2AD79CC955}.Release|Any CPU.Build.0 = Release|Any CPU
	EndGlobalSection
	GlobalSection(SolutionProperties) = preSolution
		HideSolutionNode = FALSE
	EndGlobalSection
	GlobalSection(ExtensibilityGlobals) = postSolution
		SolutionGuid = {6C8EDE36-A9AD-48CD-ABD7-6AFE1D35CEF0}
	EndGlobalSection
EndGlobal
